
Microsoft Visual Studio Solution File, Format Version 12.00
# Visual Studio Version 16
VisualStudioVersion = 16.0.31402.337
MinimumVisualStudioVersion = 10.0.40219.1
Project("{FAE04EC0-301F-11D3-BF4B-00C04F79EFBC}") = "TestTaskForPryaniky", "TestTaskForPryaniky\TestTaskForPryaniky.csproj", "{A333329C-2078-46D6-AB79-ADF4E73EB047}"
EndProject
Project("{FAE04EC0-301F-11D3-BF4B-00C04F79EFBC}") = "TestTaskForPryaniky.Tests", "TestTaskForPryaniky.Tests\TestTaskForPryaniky.Tests.csproj", "{1D0626AA-F600-4390-BFFD-820679D8CB1D}"
EndProject
Global
	GlobalSection(SolutionConfigurationPlatforms) = preSolution
		Debug|Any CPU = Debug|Any CPU
		Release|Any CPU = Release|Any CPU
	EndGlobalSection
	GlobalSection(ProjectConfigurationPlatforms) = postSolution
		{A333329C-2078-46D6-AB79-ADF4E73EB047}.Debug|Any CPU.ActiveCfg = Debug|Any CPU
		{A333329C-2078-46D6-AB79-ADF4E73EB047}.Debug|Any CPU.Build.0 = Debug|Any CPU
		{A333329C-2078-46D6-AB79-ADF4E73EB047}.Release|Any CPU.ActiveCfg = Release|Any CPU
		{A333329C-2078-46D6-AB79-ADF4E73EB047}.Release|Any CPU.Build.0 = Release|Any CPU
		{1D0626AA-F600-4390-BFFD-820679D8CB1D}.Debug|Any CPU.ActiveCfg = Debug|Any CPU
		{1D0626AA-F600-4390-BFFD-820679D8CB1D}.Debug|Any CPU.Build.0 = Debug|Any CPU
		{1D0626AA-F600-4390-BFFD-820679D8CB1D}.Release|Any CPU.ActiveCfg = Release|Any CPU
		{1D0626AA-F600-4390-BFFD-820679D8CB1D}.Release|Any CPU.Build.0 = Release|Any CPU
	EndGlobalSection
	GlobalSection(SolutionProperties) = preSolution
		HideSolutionNode = FALSE
	EndGlobalSection
	GlobalSection(ExtensibilityGlobals) = postSolution
		SolutionGuid = {1E9674F7-A206-40EC-82C2-21A47DE0A7CA}
	EndGlobalSection
EndGlobal
